
Microsoft Visual Studio Solution File, Format Version 12.00
# Visual Studio Version 17
VisualStudioVersion = 17.10.35013.160
MinimumVisualStudioVersion = 10.0.40219.1
Project("{9A19103F-16F7-4668-BE54-9A1E7A4F7556}") = "UsingMinimalApi", "UsingMinimalApi\UsingMinimalApi.csproj", "{CB8C4D42-F5B5-4182-BC21-A7E55483A8BB}"
EndProject
Project("{9A19103F-16F7-4668-BE54-9A1E7A4F7556}") = "ExampleWebApi.Data", "ExampleWebApi.Data\ExampleWebApi.Data.csproj", "{DA07189E-1E04-488D-9A4B-7F4D91BCD63D}"
EndProject
Project("{9A19103F-16F7-4668-BE54-9A1E7A4F7556}") = "UsingControllers", "UsingControllers\UsingControllers.csproj", "{5F6E6284-2A37-4AB8-9102-B7414EA52F0A}"
EndProject
Project("{9A19103F-16F7-4668-BE54-9A1E7A4F7556}") = "ExampleWebApi.Common", "ExampleWebApi.Common\ExampleWebApi.Common.csproj", "{34A4EC6D-8482-4B12-841A-965C0AB1AC78}"
EndProject
Project("{FAE04EC0-301F-11D3-BF4B-00C04F79EFBC}") = "ExampleWebApi.Data.Tests", "ExampleWebApi.Data.Tests\ExampleWebApi.Data.Tests.csproj", "{7C222769-E84E-4F2A-9254-7A3A95A49962}"
EndProject
Global
	GlobalSection(SolutionConfigurationPlatforms) = preSolution
		Debug|Any CPU = Debug|Any CPU
		Release|Any CPU = Release|Any CPU
	EndGlobalSection
	GlobalSection(ProjectConfigurationPlatforms) = postSolution
		{CB8C4D42-F5B5-4182-BC21-A7E55483A8BB}.Debug|Any CPU.ActiveCfg = Debug|Any CPU
		{CB8C4D42-F5B5-4182-BC21-A7E55483A8BB}.Debug|Any CPU.Build.0 = Debug|Any CPU
		{CB8C4D42-F5B5-4182-BC21-A7E55483A8BB}.Release|Any CPU.ActiveCfg = Release|Any CPU
		{CB8C4D42-F5B5-4182-BC21-A7E55483A8BB}.Release|Any CPU.Build.0 = Release|Any CPU
		{DA07189E-1E04-488D-9A4B-7F4D91BCD63D}.Debug|Any CPU.ActiveCfg = Debug|Any CPU
		{DA07189E-1E04-488D-9A4B-7F4D91BCD63D}.Debug|Any CPU.Build.0 = Debug|Any CPU
		{DA07189E-1E04-488D-9A4B-7F4D91BCD63D}.Release|Any CPU.ActiveCfg = Release|Any CPU
		{DA07189E-1E04-488D-9A4B-7F4D91BCD63D}.Release|Any CPU.Build.0 = Release|Any CPU
		{5F6E6284-2A37-4AB8-9102-B7414EA52F0A}.Debug|Any CPU.ActiveCfg = Debug|Any CPU
		{5F6E6284-2A37-4AB8-9102-B7414EA52F0A}.Debug|Any CPU.Build.0 = Debug|Any CPU
		{5F6E6284-2A37-4AB8-9102-B7414EA52F0A}.Release|Any CPU.ActiveCfg = Release|Any CPU
		{5F6E6284-2A37-4AB8-9102-B7414EA52F0A}.Release|Any CPU.Build.0 = Release|Any CPU
		{34A4EC6D-8482-4B12-841A-965C0AB1AC78}.Debug|Any CPU.ActiveCfg = Debug|Any CPU
		{34A4EC6D-8482-4B12-841A-965C0AB1AC78}.Debug|Any CPU.Build.0 = Debug|Any CPU
		{34A4EC6D-8482-4B12-841A-965C0AB1AC78}.Release|Any CPU.ActiveCfg = Release|Any CPU
		{34A4EC6D-8482-4B12-841A-965C0AB1AC78}.Release|Any CPU.Build.0 = Release|Any CPU
		{7C222769-E84E-4F2A-9254-7A3A95A49962}.Debug|Any CPU.ActiveCfg = Debug|Any CPU
		{7C222769-E84E-4F2A-9254-7A3A95A49962}.Debug|Any CPU.Build.0 = Debug|Any CPU
		{7C222769-E84E-4F2A-9254-7A3A95A49962}.Release|Any CPU.ActiveCfg = Release|Any CPU
		{7C222769-E84E-4F2A-9254-7A3A95A49962}.Release|Any CPU.Build.0 = Release|Any CPU
	EndGlobalSection
	GlobalSection(SolutionProperties) = preSolution
		HideSolutionNode = FALSE
	EndGlobalSection
	GlobalSection(ExtensibilityGlobals) = postSolution
		SolutionGuid = {54824015-CE0F-474D-9AC1-68B276841838}
	EndGlobalSection
EndGlobal
